
Microsoft Visual Studio Solution File, Format Version 12.00
# Visual Studio Version 17
VisualStudioVersion = 17.3.32922.545
MinimumVisualStudioVersion = 10.0.40219.1
Project("{9A19103F-16F7-4668-BE54-9A1E7A4F7556}") = "decorator", "ConsoleApp2\decorator.csproj", "{5CBB25FF-9F83-4D68-9456-1D065F1286CF}"
EndProject
Project("{FAE04EC0-301F-11D3-BF4B-00C04F79EFBC}") = "facade", "facade\facade.csproj", "{21AE9392-EEF1-46F2-8429-C5D0789E2377}"
EndProject
Global
	GlobalSection(SolutionConfigurationPlatforms) = preSolution
		Debug|Any CPU = Debug|Any CPU
		Release|Any CPU = Release|Any CPU
	EndGlobalSection
	GlobalSection(ProjectConfigurationPlatforms) = postSolution
		{5CBB25FF-9F83-4D68-9456-1D065F1286CF}.Debug|Any CPU.ActiveCfg = Debug|Any CPU
		{5CBB25FF-9F83-4D68-9456-1D065F1286CF}.Debug|Any CPU.Build.0 = Debug|Any CPU
		{5CBB25FF-9F83-4D68-9456-1D065F1286CF}.Release|Any CPU.ActiveCfg = Release|Any CPU
		{5CBB25FF-9F83-4D68-9456-1D065F1286CF}.Release|Any CPU.Build.0 = Release|Any CPU
		{21AE9392-EEF1-46F2-8429-C5D0789E2377}.Debug|Any CPU.ActiveCfg = Debug|Any CPU
		{21AE9392-EEF1-46F2-8429-C5D0789E2377}.Debug|Any CPU.Build.0 = Debug|Any CPU
		{21AE9392-EEF1-46F2-8429-C5D0789E2377}.Release|Any CPU.ActiveCfg = Release|Any CPU
		{21AE9392-EEF1-46F2-8429-C5D0789E2377}.Release|Any CPU.Build.0 = Release|Any CPU
	EndGlobalSection
	GlobalSection(SolutionProperties) = preSolution
		HideSolutionNode = FALSE
	EndGlobalSection
	GlobalSection(ExtensibilityGlobals) = postSolution
		SolutionGuid = {4895DE79-1E62-45A0-BF47-9EF24B8B8BFE}
	EndGlobalSection
EndGlobal
